
Microsoft Visual Studio Solution File, Format Version 12.00
# Visual Studio 15
VisualStudioVersion = 15.0.28010.2003
MinimumVisualStudioVersion = 10.0.40219.1
Project("{FAE04EC0-301F-11D3-BF4B-00C04F79EFBC}") = "RfidServer", "RfidServer\RfidServer.csproj", "{D072395B-004C-449A-B55C-0733C9D5420F}"
EndProject
Global
	GlobalSection(SolutionConfigurationPlatforms) = preSolution
		Debug|Any CPU = Debug|Any CPU
		Release|Any CPU = Release|Any CPU
	EndGlobalSection
	GlobalSection(ProjectConfigurationPlatforms) = postSolution
		{D072395B-004C-449A-B55C-0733C9D5420F}.Debug|Any CPU.ActiveCfg = Debug|Any CPU
		{D072395B-004C-449A-B55C-0733C9D5420F}.Debug|Any CPU.Build.0 = Debug|Any CPU
		{D072395B-004C-449A-B55C-0733C9D5420F}.Release|Any CPU.ActiveCfg = Release|Any CPU
		{D072395B-004C-449A-B55C-0733C9D5420F}.Release|Any CPU.Build.0 = Release|Any CPU
	EndGlobalSection
	GlobalSection(SolutionProperties) = preSolution
		HideSolutionNode = FALSE
	EndGlobalSection
	GlobalSection(ExtensibilityGlobals) = postSolution
		SolutionGuid = {AE2563E6-899F-44C3-BE09-FF650B891034}
	EndGlobalSection
EndGlobal
